{
  "version": 2,
  "dependencies": {
    "net9.0": {
      "Aspire.StackExchange.Redis.OutputCaching": {
        "type": "Direct",
        "requested": "[9.3.1, )",
        "resolved": "9.3.1",
        "contentHash": "PMgKkkF84OZ6z+E8iuuawPd4q7PYvyfktDQ05z1yCstvR/Rhngs9i102BmBaSkE9EVIyqUGkAG4ujtrBQpCMJg==",
        "dependencies": {
          "AspNetCore.HealthChecks.Redis": "9.0.0",
          "Aspire.StackExchange.Redis": "9.3.1",
          "Microsoft.AspNetCore.OutputCaching.StackExchangeRedis": "8.0.15",
          "OpenTelemetry.Extensions.Hosting": "1.9.0",
          "StackExchange.Redis": "2.8.37"
        }
      },
      "Aspire.StackExchange.Redis": {
        "type": "Transitive",
        "resolved": "9.3.1",
        "contentHash": "EJKkyTwKCgEBMNzdO8HqMLWyrDqnQ+LC+DH3QCd6yfZO45PEkmsmdfXUoAfqXz+aJXnAgE5vItTAeQu1tb6yfg==",
        "dependencies": {
          "AspNetCore.HealthChecks.Redis": "9.0.0",
          "OpenTelemetry.Extensions.Hosting": "1.9.0",
          "StackExchange.Redis": "2.8.37"
        }
      },
      "AspNetCore.HealthChecks.Redis": {
        "type": "Transitive",
        "resolved": "9.0.0",
        "contentHash": "yNH0h8GLRbAf+PU5HNVLZ5hNeyq9mDVmRKO9xuZsme/znUYoBJlQvI0gq45gaZNlLncCHkMhR4o90MuT+gxxPw==",
        "dependencies": {
          "StackExchange.Redis": "2.7.4"
        }
      },
      "Microsoft.AspNetCore.OutputCaching.StackExchangeRedis": {
        "type": "Transitive",
        "resolved": "8.0.15",
        "contentHash": "rQ7nRzRYW7s0qUNRYqwDBct7BVIE8BG3SFkBTtib99U30ARHRChn04vYi+ea8WiInQ7vr1ZdhxIR8lVsUGpSqQ==",
        "dependencies": {
          "StackExchange.Redis": "2.7.27"
        }
      },
      "Microsoft.Extensions.AmbientMetadata.Application": {
        "type": "Transitive",
        "resolved": "9.6.0",
        "contentHash": "voKvEpXEsYtEhSiIVrYrZsMP7zEkBjquhqcvhxOCUen1i9TwdSwBmz7tN93IthTPA1nzXzWnz9huCZyegiYM8A=="
      },
      "Microsoft.Extensions.Compliance.Abstractions": {
        "type": "Transitive",
        "resolved": "9.6.0",
        "contentHash": "EsW9aUhkHYfb75wkx24BuusOQbh2BRTSh052Fki2APn3puH1q9owynut1jWMq0Rm/C4zhyw6LAd+F6PX8HUi4Q=="
      },
      "Microsoft.Extensions.DependencyInjection.AutoActivation": {
        "type": "Transitive",
        "resolved": "9.6.0",
        "contentHash": "71KqPTemVxSAYf4iv4lYFrL684MLwcTciLOHfoaWzxHG0U7ASWy/cQG8mNGB5Wy59H7eKTeuiNjvKXTebxlKWA=="
      },
      "Microsoft.Extensions.Diagnostics.ExceptionSummarization": {
        "type": "Transitive",
        "resolved": "9.6.0",
        "contentHash": "cquw9eHjO7sJ+t6hC++Zd+UjelvxfAnmmfwIq7KnGllcxBg24VEsmIq5gODxYhxXN4rWOvmnIwix0ze2p5GbgA=="
      },
      "Microsoft.Extensions.Http.Diagnostics": {
        "type": "Transitive",
        "resolved": "9.6.0",
        "contentHash": "FEhMpnH7OANl7ux2wuByvRYqqdRQGC7l2RKOd5FDFXySeWhqJnYWEaQPMqgNk1v108N3fIFmIEnGTOBHDpVP+Q==",
        "dependencies": {
          "Microsoft.Extensions.DependencyInjection.AutoActivation": "9.6.0",
          "Microsoft.Extensions.Telemetry": "9.6.0"
        }
      },
      "Microsoft.Extensions.Resilience": {
        "type": "Transitive",
        "resolved": "9.6.0",
        "contentHash": "JhfQk0u4XYGD21fMUvAxmzzVM3CMN2Xy3yemutEBECoSP5ND/7jEG4daL0NODSPtq6rd9Pk7SumnBfxyV3+zxw==",
        "dependencies": {
          "Microsoft.Extensions.Diagnostics.ExceptionSummarization": "9.6.0",
          "Microsoft.Extensions.Telemetry.Abstractions": "9.6.0",
          "Polly.Extensions": "8.4.2",
          "Polly.RateLimiting": "8.4.2"
        }
      },
      "Microsoft.Extensions.ServiceDiscovery.Abstractions": {
        "type": "Transitive",
        "resolved": "9.3.1",
        "contentHash": "qQFNxjqj3jgLsRUwQRs15PCpibaV3EWqnKZH+JJouDZzaCVlEpryWndJHzzy/FZ6upr5e7S+dJPTOa2CyKGuSg=="
      },
      "Microsoft.Extensions.Telemetry": {
        "type": "Transitive",
        "resolved": "9.6.0",
        "contentHash": "4k56GlByl+4gxwMHDMJ/MglbmjPPddLgd21RHZlSfx4WWLqiES/GJ/sHVCrKVjdIQHdcR5MLWvplfuqgj4H+VQ==",
        "dependencies": {
          "Microsoft.Extensions.AmbientMetadata.Application": "9.6.0",
          "Microsoft.Extensions.DependencyInjection.AutoActivation": "9.6.0",
          "Microsoft.Extensions.Telemetry.Abstractions": "9.6.0"
        }
      },
      "Microsoft.Extensions.Telemetry.Abstractions": {
        "type": "Transitive",
        "resolved": "9.6.0",
        "contentHash": "LKkpXv0KCFC7oPzkqwNMgBfBImd8I57e6W1mtnvw5KCwMZ/1iS5PsWQiSxp17J91crAyKv5KosRF6lNK2j9EBQ==",
        "dependencies": {
          "Microsoft.Extensions.Compliance.Abstractions": "9.6.0"
        }
      },
      "OpenTelemetry": {
        "type": "Transitive",
        "resolved": "1.12.0",
        "contentHash": "aIEu2O3xFOdwIVH0AJsIHPIMH1YuX18nzu7BHyaDNQ6NWSk4Zyrs9Pp6y8SATuSbvdtmvue4mj/QZ3838srbwA==",
        "dependencies": {
          "OpenTelemetry.Api.ProviderBuilderExtensions": "1.12.0"
        }
      },
      "OpenTelemetry.Api": {
        "type": "Transitive",
        "resolved": "1.12.0",
        "contentHash": "Xt0qldi+iE2szGrM3jAqzEMEJd48YBtqI6mge0+ArXTZg3aTpRmyhL6CKKl3bLioaFSSVbBpEbPin8u6Z46Yrw=="
      },
      "OpenTelemetry.Api.ProviderBuilderExtensions": {
        "type": "Transitive",
        "resolved": "1.12.0",
        "contentHash": "t6Vk1143BfiisCWYbRcyzkAuN6Aq5RkYtfOSMoqCIRMvtN9p1e1xzc0nWQ+fccNGOVgHn3aMK5xFn2+iWMcr8A==",
        "dependencies": {
          "OpenTelemetry.Api": "1.12.0"
        }
      },
      "Pipelines.Sockets.Unofficial": {
        "type": "Transitive",
        "resolved": "2.2.8",
        "contentHash": "zG2FApP5zxSx6OcdJQLbZDk2AVlN2BNQD6MorwIfV6gVj0RRxWPEp2LXAxqDGZqeNV1Zp0BNPcNaey/GXmTdvQ=="
      },
      "Polly.Core": {
        "type": "Transitive",
        "resolved": "8.4.2",
        "contentHash": "BpE2I6HBYYA5tF0Vn4eoQOGYTYIK1BlF5EXVgkWGn3mqUUjbXAr13J6fZVbp7Q3epRR8yshacBMlsHMhpOiV3g=="
      },
      "Polly.Extensions": {
        "type": "Transitive",
        "resolved": "8.4.2",
        "contentHash": "GZ9vRVmR0jV2JtZavt+pGUsQ1O1cuRKG7R7VOZI6ZDy9y6RNPvRvXK1tuS4ffUrv8L0FTea59oEuQzgS0R7zSA==",
        "dependencies": {
          "Polly.Core": "8.4.2"
        }
      },
      "Polly.RateLimiting": {
        "type": "Transitive",
        "resolved": "8.4.2",
        "contentHash": "ehTImQ/eUyO07VYW2WvwSmU9rRH200SKJ/3jku9rOkyWE0A2JxNFmAVms8dSn49QLSjmjFRRSgfNyOgr/2PSmA==",
        "dependencies": {
          "Polly.Core": "8.4.2"
        }
      },
      "StackExchange.Redis": {
        "type": "Transitive",
        "resolved": "2.8.37",
        "contentHash": "ULscDAQR+z132IsLczXcM/PG+EyfQMNxhvqjG1Xd/h/J1O9prsUU4pG9d95xv77lUF8v3X6owpf/11Uh0uvZAQ==",
        "dependencies": {
          "Pipelines.Sockets.Unofficial": "2.2.8"
        }
      },
      "bond-project.aspire.servicedefaults": {
        "type": "Project",
        "dependencies": {
          "Microsoft.Extensions.Http.Resilience": "[9.6.0, )",
          "Microsoft.Extensions.ServiceDiscovery": "[9.3.1, )",
          "OpenTelemetry.Exporter.OpenTelemetryProtocol": "[1.12.0, )",
          "OpenTelemetry.Extensions.Hosting": "[1.12.0, )",
          "OpenTelemetry.Instrumentation.AspNetCore": "[1.12.0, )",
          "OpenTelemetry.Instrumentation.Http": "[1.12.0, )",
          "OpenTelemetry.Instrumentation.Runtime": "[1.12.0, )"
        }
      },
      "Microsoft.Extensions.Http.Resilience": {
        "type": "CentralTransitive",
        "requested": "[9.6.0, )",
        "resolved": "9.6.0",
        "contentHash": "Np2a8u0ttPzqSrfVlVNRavKNzrzrbLAEsd0gR0KX5jIVOp7SVlPQdAHBTBh8/Hd7Amni9STSBWE2hoxq2pu3XA==",
        "dependencies": {
          "Microsoft.Extensions.Http.Diagnostics": "9.6.0",
          "Microsoft.Extensions.Resilience": "9.6.0"
        }
      },
      "Microsoft.Extensions.ServiceDiscovery": {
        "type": "CentralTransitive",
        "requested": "[9.3.1, )",
        "resolved": "9.3.1",
        "contentHash": "z9tKpMm4V5LIMABboRjU2w+hYme4EUigi/OaOBcJZfRLHON/e6rtlkShZ0Opl4ownuReyCbUFbH2sD2C57NWvA==",
        "dependencies": {
          "Microsoft.Extensions.ServiceDiscovery.Abstractions": "9.3.1"
        }
      },
      "OpenTelemetry.Exporter.OpenTelemetryProtocol": {
        "type": "CentralTransitive",
        "requested": "[1.12.0, )",
        "resolved": "1.12.0",
        "contentHash": "7LzQSPhz5pNaL4xZgT3wkZODA1NLrEq3bet8KDHgtaJ9q+VNP7wmiZky8gQfMkB4FXuI/pevT8ZurL4p5997WA==",
        "dependencies": {
          "OpenTelemetry": "1.12.0"
        }
      },
      "OpenTelemetry.Extensions.Hosting": {
        "type": "CentralTransitive",
        "requested": "[1.12.0, )",
        "resolved": "1.12.0",
        "contentHash": "6/8O6rsJRwslg5/Fm3bscBelw4Yh9T9CN24p7cAsuEFkrmmeSO9gkYUCK02Qi+CmPM2KHYTLjKi0lJaCsDMWQA==",
        "dependencies": {
          "OpenTelemetry": "1.12.0"
        }
      },
      "OpenTelemetry.Instrumentation.AspNetCore": {
        "type": "CentralTransitive",
        "requested": "[1.12.0, )",
        "resolved": "1.12.0",
        "contentHash": "r+Mzggd2P4N0Y34QIO6kakVPBOKFYSHnLkTrXXM+r37ABp+iaUvVUe+u/uxszsi5f7P5mrG0uYYaJ1QGHvzo3A==",
        "dependencies": {
          "OpenTelemetry.Api.ProviderBuilderExtensions": "[1.12.0, 2.0.0)"
        }
      },
      "OpenTelemetry.Instrumentation.Http": {
        "type": "CentralTransitive",
        "requested": "[1.12.0, )",
        "resolved": "1.12.0",
        "contentHash": "0rW+MbHgUQAdbvBtRxPYoQBosbNdWegL7cYkRlxq+KQ/VFyU8itt4pWTccmu1/FWmTgqJyT3LaujyDZoRrm8Yg==",
        "dependencies": {
          "OpenTelemetry.Api.ProviderBuilderExtensions": "[1.12.0, 2.0.0)"
        }
      },
      "OpenTelemetry.Instrumentation.Runtime": {
        "type": "CentralTransitive",
        "requested": "[1.12.0, )",
        "resolved": "1.12.0",
        "contentHash": "xmd0TAm2x+T3ztdf5BolIwLPh+Uy6osaBeIQtCXv611PN7h/Pnhsjg5lU2hkAWj7M7ns74U5wtVpS8DXmJ+94w==",
        "dependencies": {
          "OpenTelemetry.Api": "[1.12.0, 2.0.0)"
        }
      }
    }
  }
}